
Microsoft Visual Studio Solution File, Format Version 12.00
# Visual Studio Version 16
VisualStudioVersion = 16.0.31911.196
MinimumVisualStudioVersion = 10.0.40219.1
Project("{FAE04EC0-301F-11D3-BF4B-00C04F79EFBC}") = "Domain", "Domain\Domain.csproj", "{15455D8B-49F4-4423-96A8-863E605E581D}"
EndProject
Project("{FAE04EC0-301F-11D3-BF4B-00C04F79EFBC}") = "DAL", "DAL\DAL.csproj", "{8EC001BB-DBC2-4DD3-8799-5DBF03D493AB}"
EndProject
Project("{FAE04EC0-301F-11D3-BF4B-00C04F79EFBC}") = "BLL", "BLL\BLL.csproj", "{A8452B63-8F0D-49DD-A026-26C9C82CBE8B}"
EndProject
Project("{FAE04EC0-301F-11D3-BF4B-00C04F79EFBC}") = "UI", "UI\UI.csproj", "{C4B71ED4-E04C-4CE9-BFA3-59AA09487D17}"
EndProject
Global
	GlobalSection(SolutionConfigurationPlatforms) = preSolution
		Debug|Any CPU = Debug|Any CPU
		Release|Any CPU = Release|Any CPU
	EndGlobalSection
	GlobalSection(ProjectConfigurationPlatforms) = postSolution
		{15455D8B-49F4-4423-96A8-863E605E581D}.Debug|Any CPU.ActiveCfg = Debug|Any CPU
		{15455D8B-49F4-4423-96A8-863E605E581D}.Debug|Any CPU.Build.0 = Debug|Any CPU
		{15455D8B-49F4-4423-96A8-863E605E581D}.Release|Any CPU.ActiveCfg = Release|Any CPU
		{15455D8B-49F4-4423-96A8-863E605E581D}.Release|Any CPU.Build.0 = Release|Any CPU
		{8EC001BB-DBC2-4DD3-8799-5DBF03D493AB}.Debug|Any CPU.ActiveCfg = Debug|Any CPU
		{8EC001BB-DBC2-4DD3-8799-5DBF03D493AB}.Debug|Any CPU.Build.0 = Debug|Any CPU
		{8EC001BB-DBC2-4DD3-8799-5DBF03D493AB}.Release|Any CPU.ActiveCfg = Release|Any CPU
		{8EC001BB-DBC2-4DD3-8799-5DBF03D493AB}.Release|Any CPU.Build.0 = Release|Any CPU
		{A8452B63-8F0D-49DD-A026-26C9C82CBE8B}.Debug|Any CPU.ActiveCfg = Debug|Any CPU
		{A8452B63-8F0D-49DD-A026-26C9C82CBE8B}.Debug|Any CPU.Build.0 = Debug|Any CPU
		{A8452B63-8F0D-49DD-A026-26C9C82CBE8B}.Release|Any CPU.ActiveCfg = Release|Any CPU
		{A8452B63-8F0D-49DD-A026-26C9C82CBE8B}.Release|Any CPU.Build.0 = Release|Any CPU
		{C4B71ED4-E04C-4CE9-BFA3-59AA09487D17}.Debug|Any CPU.ActiveCfg = Debug|Any CPU
		{C4B71ED4-E04C-4CE9-BFA3-59AA09487D17}.Debug|Any CPU.Build.0 = Debug|Any CPU
		{C4B71ED4-E04C-4CE9-BFA3-59AA09487D17}.Release|Any CPU.ActiveCfg = Release|Any CPU
		{C4B71ED4-E04C-4CE9-BFA3-59AA09487D17}.Release|Any CPU.Build.0 = Release|Any CPU
	EndGlobalSection
	GlobalSection(SolutionProperties) = preSolution
		HideSolutionNode = FALSE
	EndGlobalSection
	GlobalSection(ExtensibilityGlobals) = postSolution
		SolutionGuid = {7F71F48E-3383-436A-ACA8-B93B98050BD2}
	EndGlobalSection
EndGlobal
